
Microsoft Visual Studio Solution File, Format Version 12.00
# Visual Studio Version 17
VisualStudioVersion = 17.4.33213.308
MinimumVisualStudioVersion = 10.0.40219.1
Project("{9A19103F-16F7-4668-BE54-9A1E7A4F7556}") = "Day1", "AdventOfCoding\Day1.csproj", "{87E23C02-FCA7-422F-95F5-EFC79C0ABDBB}"
EndProject
Project("{9A19103F-16F7-4668-BE54-9A1E7A4F7556}") = "Day2", "Day2\Day2.csproj", "{5DB2795F-1EF5-483C-A3CB-EF5BF2B4B95A}"
EndProject
Project("{9A19103F-16F7-4668-BE54-9A1E7A4F7556}") = "Day3", "Day3\Day3.csproj", "{692E3939-6657-4703-B5F6-4DC54FC0706F}"
EndProject
Project("{9A19103F-16F7-4668-BE54-9A1E7A4F7556}") = "Day4", "Day4\Day4.csproj", "{6F4D21AB-4046-4AE3-AD0A-FBB06E31BE0E}"
EndProject
Project("{9A19103F-16F7-4668-BE54-9A1E7A4F7556}") = "Day5", "Day5\Day5.csproj", "{6081F5DD-E672-4652-A082-2C9339E96686}"
EndProject
Project("{9A19103F-16F7-4668-BE54-9A1E7A4F7556}") = "Day6", "Day6\Day6.csproj", "{FA936C2B-8976-4244-92CF-2DBD258BE54E}"
EndProject
Project("{9A19103F-16F7-4668-BE54-9A1E7A4F7556}") = "Day7", "Day7\Day7.csproj", "{B12D9F09-74C9-4F8F-B6FB-3A044A7518C5}"
EndProject
Project("{9A19103F-16F7-4668-BE54-9A1E7A4F7556}") = "Day8", "Day8\Day8.csproj", "{788CF5EE-5BAB-4EA3-971C-9FBA9F440B4A}"
EndProject
Project("{9A19103F-16F7-4668-BE54-9A1E7A4F7556}") = "AOCShared", "AOCShared\AOCShared.csproj", "{4662AD16-773F-476B-9F6E-06449321BB24}"
EndProject
Project("{9A19103F-16F7-4668-BE54-9A1E7A4F7556}") = "Boilerplate", "Boilerplate\Boilerplate.csproj", "{8440AAA7-9453-4406-AE97-34E040C4334A}"
EndProject
Project("{9A19103F-16F7-4668-BE54-9A1E7A4F7556}") = "Day8Tester", "Day8Tester\Day8Tester.csproj", "{B55D6BB9-6C55-4F0C-A0EB-9B3E83B1A3DD}"
EndProject
Project("{9A19103F-16F7-4668-BE54-9A1E7A4F7556}") = "Day9", "Day9\Day9.csproj", "{09286E7B-9080-416C-99D1-2AFA5626AA8D}"
EndProject
Project("{9A19103F-16F7-4668-BE54-9A1E7A4F7556}") = "Day10", "Day10\Day10.csproj", "{6E249A10-CB40-40EF-9D07-3B100AF736FA}"
EndProject
Project("{9A19103F-16F7-4668-BE54-9A1E7A4F7556}") = "Day11", "Day11\Day11.csproj", "{A80B935D-D731-4DC5-BE5B-207F446472A1}"
EndProject
Project("{9A19103F-16F7-4668-BE54-9A1E7A4F7556}") = "Day12", "Day12\Day12.csproj", "{6B6E0B19-1A10-4203-8EAB-55FE58E8F901}"
EndProject
Project("{9A19103F-16F7-4668-BE54-9A1E7A4F7556}") = "Day13", "Day13\Day13.csproj", "{1E04F2AD-2967-47E8-9CF4-6FB9A8775D7F}"
EndProject
Project("{2150E333-8FDC-42A3-9474-1A3956D46DE8}") = "Solution Items", "Solution Items", "{7B8F867B-7035-474F-8A20-02620DB069E3}"
EndProject
Project("{9A19103F-16F7-4668-BE54-9A1E7A4F7556}") = "Day14", "Day14\Day14.csproj", "{A591F4AC-CEDC-43F7-8924-F964227AE489}"
EndProject
Project("{9A19103F-16F7-4668-BE54-9A1E7A4F7556}") = "Day15", "Day15\Day15.csproj", "{BD0614F0-CFF9-4674-87AD-0A5A5105D734}"
EndProject
Project("{9A19103F-16F7-4668-BE54-9A1E7A4F7556}") = "Day16", "Day16\Day16.csproj", "{5692FF6C-3FD2-4F0F-A1CB-81B7F0FE1238}"
EndProject
Project("{9A19103F-16F7-4668-BE54-9A1E7A4F7556}") = "Day17", "Day17\Day17.csproj", "{9B9135A8-E493-44C8-8C89-6BEEDCEC1ACF}"
EndProject
Global
	GlobalSection(SolutionConfigurationPlatforms) = preSolution
		Debug|Any CPU = Debug|Any CPU
		Release|Any CPU = Release|Any CPU
	EndGlobalSection
	GlobalSection(ProjectConfigurationPlatforms) = postSolution
		{87E23C02-FCA7-422F-95F5-EFC79C0ABDBB}.Debug|Any CPU.ActiveCfg = Debug|Any CPU
		{87E23C02-FCA7-422F-95F5-EFC79C0ABDBB}.Debug|Any CPU.Build.0 = Debug|Any CPU
		{87E23C02-FCA7-422F-95F5-EFC79C0ABDBB}.Release|Any CPU.ActiveCfg = Release|Any CPU
		{87E23C02-FCA7-422F-95F5-EFC79C0ABDBB}.Release|Any CPU.Build.0 = Release|Any CPU
		{5DB2795F-1EF5-483C-A3CB-EF5BF2B4B95A}.Debug|Any CPU.ActiveCfg = Debug|Any CPU
		{5DB2795F-1EF5-483C-A3CB-EF5BF2B4B95A}.Debug|Any CPU.Build.0 = Debug|Any CPU
		{5DB2795F-1EF5-483C-A3CB-EF5BF2B4B95A}.Release|Any CPU.ActiveCfg = Release|Any CPU
		{5DB2795F-1EF5-483C-A3CB-EF5BF2B4B95A}.Release|Any CPU.Build.0 = Release|Any CPU
		{692E3939-6657-4703-B5F6-4DC54FC0706F}.Debug|Any CPU.ActiveCfg = Debug|Any CPU
		{692E3939-6657-4703-B5F6-4DC54FC0706F}.Debug|Any CPU.Build.0 = Debug|Any CPU
		{692E3939-6657-4703-B5F6-4DC54FC0706F}.Release|Any CPU.ActiveCfg = Release|Any CPU
		{692E3939-6657-4703-B5F6-4DC54FC0706F}.Release|Any CPU.Build.0 = Release|Any CPU
		{6F4D21AB-4046-4AE3-AD0A-FBB06E31BE0E}.Debug|Any CPU.ActiveCfg = Debug|Any CPU
		{6F4D21AB-4046-4AE3-AD0A-FBB06E31BE0E}.Debug|Any CPU.Build.0 = Debug|Any CPU
		{6F4D21AB-4046-4AE3-AD0A-FBB06E31BE0E}.Release|Any CPU.ActiveCfg = Release|Any CPU
		{6F4D21AB-4046-4AE3-AD0A-FBB06E31BE0E}.Release|Any CPU.Build.0 = Release|Any CPU
		{6081F5DD-E672-4652-A082-2C9339E96686}.Debug|Any CPU.ActiveCfg = Debug|Any CPU
		{6081F5DD-E672-4652-A082-2C9339E96686}.Debug|Any CPU.Build.0 = Debug|Any CPU
		{6081F5DD-E672-4652-A082-2C9339E96686}.Release|Any CPU.ActiveCfg = Release|Any CPU
		{6081F5DD-E672-4652-A082-2C9339E96686}.Release|Any CPU.Build.0 = Release|Any CPU
		{FA936C2B-8976-4244-92CF-2DBD258BE54E}.Debug|Any CPU.ActiveCfg = Debug|Any CPU
		{FA936C2B-8976-4244-92CF-2DBD258BE54E}.Debug|Any CPU.Build.0 = Debug|Any CPU
		{FA936C2B-8976-4244-92CF-2DBD258BE54E}.Release|Any CPU.ActiveCfg = Release|Any CPU
		{FA936C2B-8976-4244-92CF-2DBD258BE54E}.Release|Any CPU.Build.0 = Release|Any CPU
		{B12D9F09-74C9-4F8F-B6FB-3A044A7518C5}.Debug|Any CPU.ActiveCfg = Debug|Any CPU
		{B12D9F09-74C9-4F8F-B6FB-3A044A7518C5}.Debug|Any CPU.Build.0 = Debug|Any CPU
		{B12D9F09-74C9-4F8F-B6FB-3A044A7518C5}.Release|Any CPU.ActiveCfg = Release|Any CPU
		{B12D9F09-74C9-4F8F-B6FB-3A044A7518C5}.Release|Any CPU.Build.0 = Release|Any CPU
		{788CF5EE-5BAB-4EA3-971C-9FBA9F440B4A}.Debug|Any CPU.ActiveCfg = Debug|Any CPU
		{788CF5EE-5BAB-4EA3-971C-9FBA9F440B4A}.Debug|Any CPU.Build.0 = Debug|Any CPU
		{788CF5EE-5BAB-4EA3-971C-9FBA9F440B4A}.Release|Any CPU.ActiveCfg = Release|Any CPU
		{788CF5EE-5BAB-4EA3-971C-9FBA9F440B4A}.Release|Any CPU.Build.0 = Release|Any CPU
		{4662AD16-773F-476B-9F6E-06449321BB24}.Debug|Any CPU.ActiveCfg = Debug|Any CPU
		{4662AD16-773F-476B-9F6E-06449321BB24}.Debug|Any CPU.Build.0 = Debug|Any CPU
		{4662AD16-773F-476B-9F6E-06449321BB24}.Release|Any CPU.ActiveCfg = Release|Any CPU
		{4662AD16-773F-476B-9F6E-06449321BB24}.Release|Any CPU.Build.0 = Release|Any CPU
		{8440AAA7-9453-4406-AE97-34E040C4334A}.Debug|Any CPU.ActiveCfg = Debug|Any CPU
		{8440AAA7-9453-4406-AE97-34E040C4334A}.Debug|Any CPU.Build.0 = Debug|Any CPU
		{8440AAA7-9453-4406-AE97-34E040C4334A}.Release|Any CPU.ActiveCfg = Release|Any CPU
		{8440AAA7-9453-4406-AE97-34E040C4334A}.Release|Any CPU.Build.0 = Release|Any CPU
		{B55D6BB9-6C55-4F0C-A0EB-9B3E83B1A3DD}.Debug|Any CPU.ActiveCfg = Debug|Any CPU
		{B55D6BB9-6C55-4F0C-A0EB-9B3E83B1A3DD}.Debug|Any CPU.Build.0 = Debug|Any CPU
		{B55D6BB9-6C55-4F0C-A0EB-9B3E83B1A3DD}.Release|Any CPU.ActiveCfg = Release|Any CPU
		{B55D6BB9-6C55-4F0C-A0EB-9B3E83B1A3DD}.Release|Any CPU.Build.0 = Release|Any CPU
		{09286E7B-9080-416C-99D1-2AFA5626AA8D}.Debug|Any CPU.ActiveCfg = Debug|Any CPU
		{09286E7B-9080-416C-99D1-2AFA5626AA8D}.Debug|Any CPU.Build.0 = Debug|Any CPU
		{09286E7B-9080-416C-99D1-2AFA5626AA8D}.Release|Any CPU.ActiveCfg = Release|Any CPU
		{09286E7B-9080-416C-99D1-2AFA5626AA8D}.Release|Any CPU.Build.0 = Release|Any CPU
		{6E249A10-CB40-40EF-9D07-3B100AF736FA}.Debug|Any CPU.ActiveCfg = Debug|Any CPU
		{6E249A10-CB40-40EF-9D07-3B100AF736FA}.Debug|Any CPU.Build.0 = Debug|Any CPU
		{6E249A10-CB40-40EF-9D07-3B100AF736FA}.Release|Any CPU.ActiveCfg = Release|Any CPU
		{6E249A10-CB40-40EF-9D07-3B100AF736FA}.Release|Any CPU.Build.0 = Release|Any CPU
		{A80B935D-D731-4DC5-BE5B-207F446472A1}.Debug|Any CPU.ActiveCfg = Debug|Any CPU
		{A80B935D-D731-4DC5-BE5B-207F446472A1}.Debug|Any CPU.Build.0 = Debug|Any CPU
		{A80B935D-D731-4DC5-BE5B-207F446472A1}.Release|Any CPU.ActiveCfg = Release|Any CPU
		{A80B935D-D731-4DC5-BE5B-207F446472A1}.Release|Any CPU.Build.0 = Release|Any CPU
		{6B6E0B19-1A10-4203-8EAB-55FE58E8F901}.Debug|Any CPU.ActiveCfg = Debug|Any CPU
		{6B6E0B19-1A10-4203-8EAB-55FE58E8F901}.Debug|Any CPU.Build.0 = Debug|Any CPU
		{6B6E0B19-1A10-4203-8EAB-55FE58E8F901}.Release|Any CPU.ActiveCfg = Release|Any CPU
		{6B6E0B19-1A10-4203-8EAB-55FE58E8F901}.Release|Any CPU.Build.0 = Release|Any CPU
		{1E04F2AD-2967-47E8-9CF4-6FB9A8775D7F}.Debug|Any CPU.ActiveCfg = Debug|Any CPU
		{1E04F2AD-2967-47E8-9CF4-6FB9A8775D7F}.Debug|Any CPU.Build.0 = Debug|Any CPU
		{1E04F2AD-2967-47E8-9CF4-6FB9A8775D7F}.Release|Any CPU.ActiveCfg = Release|Any CPU
		{1E04F2AD-2967-47E8-9CF4-6FB9A8775D7F}.Release|Any CPU.Build.0 = Release|Any CPU
		{A591F4AC-CEDC-43F7-8924-F964227AE489}.Debug|Any CPU.ActiveCfg = Debug|Any CPU
		{A591F4AC-CEDC-43F7-8924-F964227AE489}.Debug|Any CPU.Build.0 = Debug|Any CPU
		{A591F4AC-CEDC-43F7-8924-F964227AE489}.Release|Any CPU.ActiveCfg = Release|Any CPU
		{A591F4AC-CEDC-43F7-8924-F964227AE489}.Release|Any CPU.Build.0 = Release|Any CPU
		{BD0614F0-CFF9-4674-87AD-0A5A5105D734}.Debug|Any CPU.ActiveCfg = Debug|Any CPU
		{BD0614F0-CFF9-4674-87AD-0A5A5105D734}.Debug|Any CPU.Build.0 = Debug|Any CPU
		{BD0614F0-CFF9-4674-87AD-0A5A5105D734}.Release|Any CPU.ActiveCfg = Release|Any CPU
		{BD0614F0-CFF9-4674-87AD-0A5A5105D734}.Release|Any CPU.Build.0 = Release|Any CPU
		{5692FF6C-3FD2-4F0F-A1CB-81B7F0FE1238}.Debug|Any CPU.ActiveCfg = Debug|Any CPU
		{5692FF6C-3FD2-4F0F-A1CB-81B7F0FE1238}.Debug|Any CPU.Build.0 = Debug|Any CPU
		{5692FF6C-3FD2-4F0F-A1CB-81B7F0FE1238}.Release|Any CPU.ActiveCfg = Release|Any CPU
		{5692FF6C-3FD2-4F0F-A1CB-81B7F0FE1238}.Release|Any CPU.Build.0 = Release|Any CPU
		{9B9135A8-E493-44C8-8C89-6BEEDCEC1ACF}.Debug|Any CPU.ActiveCfg = Debug|Any CPU
		{9B9135A8-E493-44C8-8C89-6BEEDCEC1ACF}.Debug|Any CPU.Build.0 = Debug|Any CPU
		{9B9135A8-E493-44C8-8C89-6BEEDCEC1ACF}.Release|Any CPU.ActiveCfg = Release|Any CPU
		{9B9135A8-E493-44C8-8C89-6BEEDCEC1ACF}.Release|Any CPU.Build.0 = Release|Any CPU
	EndGlobalSection
	GlobalSection(SolutionProperties) = preSolution
		HideSolutionNode = FALSE
	EndGlobalSection
	GlobalSection(ExtensibilityGlobals) = postSolution
		SolutionGuid = {2B59F87A-D34D-4B3B-9538-460E171790EE}
	EndGlobalSection
EndGlobal
